
Microsoft Visual Studio Solution File, Format Version 12.00
# Visual Studio 2012
Project("{FAE04EC0-301F-11D3-BF4B-00C04F79EFBC}") = "Naxam.Paypal.OneTouch", "Naxam.Paypal.OneTouch\Naxam.Paypal.OneTouch.csproj", "{A3C89D42-3B63-401A-83FE-BB5D5E0E9EBD}"
EndProject
Global
	GlobalSection(SolutionConfigurationPlatforms) = preSolution
		Debug|Any CPU = Debug|Any CPU
		Release|Any CPU = Release|Any CPU
	EndGlobalSection
	GlobalSection(ProjectConfigurationPlatforms) = postSolution
		{A3C89D42-3B63-401A-83FE-BB5D5E0E9EBD}.Debug|Any CPU.ActiveCfg = Debug|Any CPU
		{A3C89D42-3B63-401A-83FE-BB5D5E0E9EBD}.Debug|Any CPU.Build.0 = Debug|Any CPU
		{A3C89D42-3B63-401A-83FE-BB5D5E0E9EBD}.Release|Any CPU.ActiveCfg = Release|Any CPU
		{A3C89D42-3B63-401A-83FE-BB5D5E0E9EBD}.Release|Any CPU.Build.0 = Release|Any CPU
	EndGlobalSection
EndGlobal
